// !$*UTF8*$!
{
	archiveVersion = 1;
	classes = {
	};
	objectVersion = 46;
	objects = {

/* Begin PBXBuildFile section */
		1F3228B66EE9B37145A9795C /* Pods_MedicalGameUITests.framework in Frameworks */ = {isa = PBXBuildFile; fileRef = 56B4DA1C6FB2CE3C369B589E /* Pods_MedicalGameUITests.framework */; };
		825F405F1E95063000F9C35D /* GoogleService-Info.plist in Resources */ = {isa = PBXBuildFile; fileRef = 825F405E1E95063000F9C35D /* GoogleService-Info.plist */; };
		825F40601E95063000F9C35D /* GoogleService-Info.plist in Resources */ = {isa = PBXBuildFile; fileRef = 825F405E1E95063000F9C35D /* GoogleService-Info.plist */; };
		825F40611E95063000F9C35D /* GoogleService-Info.plist in Resources */ = {isa = PBXBuildFile; fileRef = 825F405E1E95063000F9C35D /* GoogleService-Info.plist */; };
		82FF43FD1E94DEDD00FCB621 /* AppDelegate.swift in Sources */ = {isa = PBXBuildFile; fileRef = 82FF43FC1E94DEDD00FCB621 /* AppDelegate.swift */; };
		82FF43FF1E94DEDD00FCB621 /* ViewController.swift in Sources */ = {isa = PBXBuildFile; fileRef = 82FF43FE1E94DEDD00FCB621 /* ViewController.swift */; };
		82FF44021E94DEDD00FCB621 /* Main.storyboard in Resources */ = {isa = PBXBuildFile; fileRef = 82FF44001E94DEDD00FCB621 /* Main.storyboard */; };
		82FF44041E94DEDD00FCB621 /* Assets.xcassets in Resources */ = {isa = PBXBuildFile; fileRef = 82FF44031E94DEDD00FCB621 /* Assets.xcassets */; };
		82FF44071E94DEDD00FCB621 /* LaunchScreen.storyboard in Resources */ = {isa = PBXBuildFile; fileRef = 82FF44051E94DEDD00FCB621 /* LaunchScreen.storyboard */; };
		82FF44121E94DEDD00FCB621 /* MedicalGameTests.swift in Sources */ = {isa = PBXBuildFile; fileRef = 82FF44111E94DEDD00FCB621 /* MedicalGameTests.swift */; };
		82FF441D1E94DEDD00FCB621 /* MedicalGameUITests.swift in Sources */ = {isa = PBXBuildFile; fileRef = 82FF441C1E94DEDD00FCB621 /* MedicalGameUITests.swift */; };
		AA6F801C255CF68BBB0D1B1C /* Pods_MedicalGameTests.framework in Frameworks */ = {isa = PBXBuildFile; fileRef = 8DE827BFC2DFD29B91075B17 /* Pods_MedicalGameTests.framework */; };
		E73167F2C18CBEE4FC519D23 /* Pods_MedicalGame.framework in Frameworks */ = {isa = PBXBuildFile; fileRef = 340A75FB8D87C02FA9DA42BD /* Pods_MedicalGame.framework */; };
/* End PBXBuildFile section */

/* Begin PBXContainerItemProxy section */
		82FF440E1E94DEDD00FCB621 /* PBXContainerItemProxy */ = {
			isa = PBXContainerItemProxy;
			containerPortal = 82FF43F11E94DEDD00FCB621 /* Project object */;
			proxyType = 1;
			remoteGlobalIDString = 82FF43F81E94DEDD00FCB621;
			remoteInfo = MedicalGame;
		};
		82FF44191E94DEDD00FCB621 /* PBXContainerItemProxy */ = {
			isa = PBXContainerItemProxy;
			containerPortal = 82FF43F11E94DEDD00FCB621 /* Project object */;
			proxyType = 1;
			remoteGlobalIDString = 82FF43F81E94DEDD00FCB621;
			remoteInfo = MedicalGame;
		};
/* End PBXContainerItemProxy section */

/* Begin PBXFileReference section */
		0F80582692F8C54A5480F1FE /* Pods-MedicalGame.debug.xcconfig */ = {isa = PBXFileReference; includeInIndex = 1; lastKnownFileType = text.xcconfig; name = "Pods-MedicalGame.debug.xcconfig"; path = "Pods/Target Support Files/Pods-MedicalGame/Pods-MedicalGame.debug.xcconfig"; sourceTree = "<group>"; };
		119BC4735B023778F64E1F1A /* Pods-MedicalGame.release.xcconfig */ = {isa = PBXFileReference; includeInIndex = 1; lastKnownFileType = text.xcconfig; name = "Pods-MedicalGame.release.xcconfig"; path = "Pods/Target Support Files/Pods-MedicalGame/Pods-MedicalGame.release.xcconfig"; sourceTree = "<group>"; };
		340A75FB8D87C02FA9DA42BD /* Pods_MedicalGame.framework */ = {isa = PBXFileReference; explicitFileType = wrapper.framework; includeInIndex = 0; path = Pods_MedicalGame.framework; sourceTree = BUILT_PRODUCTS_DIR; };
		38BA5A2512A0D8415BF7A39A /* Pods-MedicalGameTests.release.xcconfig */ = {isa = PBXFileReference; includeInIndex = 1; lastKnownFileType = text.xcconfig; name = "Pods-MedicalGameTests.release.xcconfig"; path = "Pods/Target Support Files/Pods-MedicalGameTests/Pods-MedicalGameTests.release.xcconfig"; sourceTree = "<group>"; };
		56B4DA1C6FB2CE3C369B589E /* Pods_MedicalGameUITests.framework */ = {isa = PBXFileReference; explicitFileType = wrapper.framework; includeInIndex = 0; path = Pods_MedicalGameUITests.framework; sourceTree = BUILT_PRODUCTS_DIR; };
		825F405E1E95063000F9C35D /* GoogleService-Info.plist */ = {isa = PBXFileReference; fileEncoding = 4; lastKnownFileType = text.plist.xml; path = "GoogleService-Info.plist"; sourceTree = SOURCE_ROOT; };
		82FF43F91E94DEDD00FCB621 /* MedicalGame.app */ = {isa = PBXFileReference; explicitFileType = wrapper.application; includeInIndex = 0; path = MedicalGame.app; sourceTree = BUILT_PRODUCTS_DIR; };
		82FF43FC1E94DEDD00FCB621 /* AppDelegate.swift */ = {isa = PBXFileReference; lastKnownFileType = sourcecode.swift; path = AppDelegate.swift; sourceTree = "<group>"; };
		82FF43FE1E94DEDD00FCB621 /* ViewController.swift */ = {isa = PBXFileReference; lastKnownFileType = sourcecode.swift; path = ViewController.swift; sourceTree = "<group>"; };
		82FF44011E94DEDD00FCB621 /* Base */ = {isa = PBXFileReference; lastKnownFileType = file.storyboard; name = Base; path = Base.lproj/Main.storyboard; sourceTree = "<group>"; };
		82FF44031E94DEDD00FCB621 /* Assets.xcassets */ = {isa = PBXFileReference; lastKnownFileType = folder.assetcatalog; path = Assets.xcassets; sourceTree = "<group>"; };
		82FF44061E94DEDD00FCB621 /* Base */ = {isa = PBXFileReference; lastKnownFileType = file.storyboard; name = Base; path = Base.lproj/LaunchScreen.storyboard; sourceTree = "<group>"; };
		82FF44081E94DEDD00FCB621 /* Info.plist */ = {isa = PBXFileReference; lastKnownFileType = text.plist.xml; path = Info.plist; sourceTree = "<group>"; };
		82FF440D1E94DEDD00FCB621 /* MedicalGameTests.xctest */ = {isa = PBXFileReference; explicitFileType = wrapper.cfbundle; includeInIndex = 0; path = MedicalGameTests.xctest; sourceTree = BUILT_PRODUCTS_DIR; };
		82FF44111E94DEDD00FCB621 /* MedicalGameTests.swift */ = {isa = PBXFileReference; lastKnownFileType = sourcecode.swift; path = MedicalGameTests.swift; sourceTree = "<group>"; };
		82FF44131E94DEDD00FCB621 /* Info.plist */ = {isa = PBXFileReference; lastKnownFileType = text.plist.xml; path = Info.plist; sourceTree = "<group>"; };
		82FF44181E94DEDD00FCB621 /* MedicalGameUITests.xctest */ = {isa = PBXFileReference; explicitFileType = wrapper.cfbundle; includeInIndex = 0; path = MedicalGameUITests.xctest; sourceTree = BUILT_PRODUCTS_DIR; };
		82FF441C1E94DEDD00FCB621 /* MedicalGameUITests.swift */ = {isa = PBXFileReference; lastKnownFileType = sourcecode.swift; path = MedicalGameUITests.swift; sourceTree = "<group>"; };
		82FF441E1E94DEDD00FCB621 /* Info.plist */ = {isa = PBXFileReference; lastKnownFileType = text.plist.xml; path = Info.plist; sourceTree = "<group>"; };
		8DE827BFC2DFD29B91075B17 /* Pods_MedicalGameTests.framework */ = {isa = PBXFileReference; explicitFileType = wrapper.framework; includeInIndex = 0; path = Pods_MedicalGameTests.framework; sourceTree = BUILT_PRODUCTS_DIR; };
		9A031E9A880C14BA2D8619D0 /* Pods-MedicalGameUITests.release.xcconfig */ = {isa = PBXFileReference; includeInIndex = 1; lastKnownFileType = text.xcconfig; name = "Pods-MedicalGameUITests.release.xcconfig"; path = "Pods/Target Support Files/Pods-MedicalGameUITests/Pods-MedicalGameUITests.release.xcconfig"; sourceTree = "<group>"; };
		D4D6B45DC2E81BD58BC4A396 /* Pods-MedicalGameUITests.debug.xcconfig */ = {isa = PBXFileReference; includeInIndex = 1; lastKnownFileType = text.xcconfig; name = "Pods-MedicalGameUITests.debug.xcconfig"; path = "Pods/Target Support Files/Pods-MedicalGameUITests/Pods-MedicalGameUITests.debug.xcconfig"; sourceTree = "<group>"; };
		E76D587FDF93907EECFB37C8 /* Pods-MedicalGameTests.debug.xcconfig */ = {isa = PBXFileReference; includeInIndex = 1; lastKnownFileType = text.xcconfig; name = "Pods-MedicalGameTests.debug.xcconfig"; path = "Pods/Target Support Files/Pods-MedicalGameTests/Pods-MedicalGameTests.debug.xcconfig"; sourceTree = "<group>"; };
/* End PBXFileReference section */

/* Begin PBXFrameworksBuildPhase section */
		82FF43F61E94DEDD00FCB621 /* Frameworks */ = {
			isa = PBXFrameworksBuildPhase;
			buildActionMask = 2147483647;
			files = (
				E73167F2C18CBEE4FC519D23 /* Pods_MedicalGame.framework in Frameworks */,
			);
			runOnlyForDeploymentPostprocessing = 0;
		};
		82FF440A1E94DEDD00FCB621 /* Frameworks */ = {
			isa = PBXFrameworksBuildPhase;
			buildActionMask = 2147483647;
			files = (
				AA6F801C255CF68BBB0D1B1C /* Pods_MedicalGameTests.framework in Frameworks */,
			);
			runOnlyForDeploymentPostprocessing = 0;
		};
		82FF44151E94DEDD00FCB621 /* Frameworks */ = {
			isa = PBXFrameworksBuildPhase;
			buildActionMask = 2147483647;
			files = (
				1F3228B66EE9B37145A9795C /* Pods_MedicalGameUITests.framework in Frameworks */,
			);
			runOnlyForDeploymentPostprocessing = 0;
		};
/* End PBXFrameworksBuildPhase section */

/* Begin PBXGroup section */
		82FF43F01E94DEDD00FCB621 = {
			isa = PBXGroup;
			children = (
				82FF43FB1E94DEDD00FCB621 /* MedicalGame */,
				82FF44101E94DEDD00FCB621 /* MedicalGameTests */,
				82FF441B1E94DEDD00FCB621 /* MedicalGameUITests */,
				82FF43FA1E94DEDD00FCB621 /* Products */,
				C8871D71E94DD47D0D40FA73 /* Pods */,
				A854D8F2B420190B9AF0BE22 /* Frameworks */,
			);
			sourceTree = "<group>";
		};
		82FF43FA1E94DEDD00FCB621 /* Products */ = {
			isa = PBXGroup;
			children = (
				82FF43F91E94DEDD00FCB621 /* MedicalGame.app */,
				82FF440D1E94DEDD00FCB621 /* MedicalGameTests.xctest */,
				82FF44181E94DEDD00FCB621 /* MedicalGameUITests.xctest */,
			);
			name = Products;
			sourceTree = "<group>";
		};
		82FF43FB1E94DEDD00FCB621 /* MedicalGame */ = {
			isa = PBXGroup;
			children = (
				82FF43FC1E94DEDD00FCB621 /* AppDelegate.swift */,
				82FF43FE1E94DEDD00FCB621 /* ViewController.swift */,
				82FF44001E94DEDD00FCB621 /* Main.storyboard */,
				82FF44031E94DEDD00FCB621 /* Assets.xcassets */,
				82FF44051E94DEDD00FCB621 /* LaunchScreen.storyboard */,
				82FF44081E94DEDD00FCB621 /* Info.plist */,
				825F405E1E95063000F9C35D /* GoogleService-Info.plist */,
			);
			path = MedicalGame;
			sourceTree = "<group>";
		};
		82FF44101E94DEDD00FCB621 /* MedicalGameTests */ = {
			isa = PBXGroup;
			children = (
				82FF44111E94DEDD00FCB621 /* MedicalGameTests.swift */,
				82FF44131E94DEDD00FCB621 /* Info.plist */,
			);
			path = MedicalGameTests;
			sourceTree = "<group>";
		};
		82FF441B1E94DEDD00FCB621 /* MedicalGameUITests */ = {
			isa = PBXGroup;
			children = (
				82FF441C1E94DEDD00FCB621 /* MedicalGameUITests.swift */,
				82FF441E1E94DEDD00FCB621 /* Info.plist */,
			);
			path = MedicalGameUITests;
			sourceTree = "<group>";
		};
		A854D8F2B420190B9AF0BE22 /* Frameworks */ = {
			isa = PBXGroup;
			children = (
				340A75FB8D87C02FA9DA42BD /* Pods_MedicalGame.framework */,
				8DE827BFC2DFD29B91075B17 /* Pods_MedicalGameTests.framework */,
				56B4DA1C6FB2CE3C369B589E /* Pods_MedicalGameUITests.framework */,
			);
			name = Frameworks;
			sourceTree = "<group>";
		};
		C8871D71E94DD47D0D40FA73 /* Pods */ = {
			isa = PBXGroup;
			children = (
				0F80582692F8C54A5480F1FE /* Pods-MedicalGame.debug.xcconfig */,
				119BC4735B023778F64E1F1A /* Pods-MedicalGame.release.xcconfig */,
				E76D587FDF93907EECFB37C8 /* Pods-MedicalGameTests.debug.xcconfig */,
				38BA5A2512A0D8415BF7A39A /* Pods-MedicalGameTests.release.xcconfig */,
				D4D6B45DC2E81BD58BC4A396 /* Pods-MedicalGameUITests.debug.xcconfig */,
				9A031E9A880C14BA2D8619D0 /* Pods-MedicalGameUITests.release.xcconfig */,
			);
			name = Pods;
			sourceTree = "<group>";
		};
/* End PBXGroup section */

/* Begin PBXNativeTarget section */
		82FF43F81E94DEDD00FCB621 /* MedicalGame */ = {
			isa = PBXNativeTarget;
			buildConfigurationList = 82FF44211E94DEDD00FCB621 /* Build configuration list for PBXNativeTarget "MedicalGame" */;
			buildPhases = (
				28B843ED711D2EBCB2114B78 /* [CP] Check Pods Manifest.lock */,
				82FF43F51E94DEDD00FCB621 /* Sources */,
				82FF43F61E94DEDD00FCB621 /* Frameworks */,
				82FF43F71E94DEDD00FCB621 /* Resources */,
				88136E4EDBD4B99BCFB5DF08 /* [CP] Embed Pods Frameworks */,
				A384CC045CBE8A10102AF540 /* [CP] Copy Pods Resources */,
			);
			buildRules = (
			);
			dependencies = (
			);
			name = MedicalGame;
			productName = MedicalGame;
			productReference = 82FF43F91E94DEDD00FCB621 /* MedicalGame.app */;
			productType = "com.apple.product-type.application";
		};
		82FF440C1E94DEDD00FCB621 /* MedicalGameTests */ = {
			isa = PBXNativeTarget;
			buildConfigurationList = 82FF44241E94DEDD00FCB621 /* Build configuration list for PBXNativeTarget "MedicalGameTests" */;
			buildPhases = (
				E482EA7E7D285F1475F0337D /* [CP] Check Pods Manifest.lock */,
				82FF44091E94DEDD00FCB621 /* Sources */,
				82FF440A1E94DEDD00FCB621 /* Frameworks */,
				82FF440B1E94DEDD00FCB621 /* Resources */,
				0A5AE034A205561DCE54D6CE /* [CP] Embed Pods Frameworks */,
				DEB4433C2659664181C47437 /* [CP] Copy Pods Resources */,
			);
			buildRules = (
			);
			dependencies = (
				82FF440F1E94DEDD00FCB621 /* PBXTargetDependency */,
			);
			name = MedicalGameTests;
			productName = MedicalGameTests;
			productReference = 82FF440D1E94DEDD00FCB621 /* MedicalGameTests.xctest */;
			productType = "com.apple.product-type.bundle.unit-test";
		};
		82FF44171E94DEDD00FCB621 /* MedicalGameUITests */ = {
			isa = PBXNativeTarget;
			buildConfigurationList = 82FF44271E94DEDD00FCB621 /* Build configuration list for PBXNativeTarget "MedicalGameUITests" */;
			buildPhases = (
				9394C9A2FE3A3450277CBD7B /* [CP] Check Pods Manifest.lock */,
				82FF44141E94DEDD00FCB621 /* Sources */,
				82FF44151E94DEDD00FCB621 /* Frameworks */,
				82FF44161E94DEDD00FCB621 /* Resources */,
				8C8E432D14BE435CE20D2442 /* [CP] Embed Pods Frameworks */,
				08213426F4F107421600DF70 /* [CP] Copy Pods Resources */,
			);
			buildRules = (
			);
			dependencies = (
				82FF441A1E94DEDD00FCB621 /* PBXTargetDependency */,
			);
			name = MedicalGameUITests;
			productName = MedicalGameUITests;
			productReference = 82FF44181E94DEDD00FCB621 /* MedicalGameUITests.xctest */;
			productType = "com.apple.product-type.bundle.ui-testing";
		};
/* End PBXNativeTarget section */

/* Begin PBXProject section */
		82FF43F11E94DEDD00FCB621 /* Project object */ = {
			isa = PBXProject;
			attributes = {
				LastSwiftUpdateCheck = 0820;
				LastUpgradeCheck = 0820;
				ORGANIZATIONNAME = StickyBit;
				TargetAttributes = {
					82FF43F81E94DEDD00FCB621 = {
						CreatedOnToolsVersion = 8.2.1;
						DevelopmentTeam = 26ZRBL9286;
						ProvisioningStyle = Automatic;
					};
					82FF440C1E94DEDD00FCB621 = {
						CreatedOnToolsVersion = 8.2.1;
						DevelopmentTeam = 26ZRBL9286;
						ProvisioningStyle = Automatic;
						TestTargetID = 82FF43F81E94DEDD00FCB621;
					};
					82FF44171E94DEDD00FCB621 = {
						CreatedOnToolsVersion = 8.2.1;
						DevelopmentTeam = 26ZRBL9286;
						ProvisioningStyle = Automatic;
						TestTargetID = 82FF43F81E94DEDD00FCB621;
					};
				};
			};
			buildConfigurationList = 82FF43F41E94DEDD00FCB621 /* Build configuration list for PBXProject "MedicalGame" */;
			compatibilityVersion = "Xcode 3.2";
			developmentRegion = English;
			hasScannedForEncodings = 0;
			knownRegions = (
				en,
				Base,
			);
			mainGroup = 82FF43F01E94DEDD00FCB621;
			productRefGroup = 82FF43FA1E94DEDD00FCB621 /* Products */;
			projectDirPath = "";
			projectRoot = "";
			targets = (
				82FF43F81E94DEDD00FCB621 /* MedicalGame */,
				82FF440C1E94DEDD00FCB621 /* MedicalGameTests */,
				82FF44171E94DEDD00FCB621 /* MedicalGameUITests */,
			);
		};
/* End PBXProject section */

/* Begin PBXResourcesBuildPhase section */
		82FF43F71E94DEDD00FCB621 /* Resources */ = {
			isa = PBXResourcesBuildPhase;
			buildActionMask = 2147483647;
			files = (
				82FF44071E94DEDD00FCB621 /* LaunchScreen.storyboard in Resources */,
				825F405F1E95063000F9C35D /* GoogleService-Info.plist in Resources */,
				82FF44041E94DEDD00FCB621 /* Assets.xcassets in Resources */,
				82FF44021E94DEDD00FCB621 /* Main.storyboard in Resources */,
			);
			runOnlyForDeploymentPostprocessing = 0;
		};
		82FF440B1E94DEDD00FCB621 /* Resources */ = {
			isa = PBXResourcesBuildPhase;
			buildActionMask = 2147483647;
			files = (
				825F40601E95063000F9C35D /* GoogleService-Info.plist in Resources */,
			);
			runOnlyForDeploymentPostprocessing = 0;
		};
		82FF44161E94DEDD00FCB621 /* Resources */ = {
			isa = PBXResourcesBuildPhase;
			buildActionMask = 2147483647;
			files = (
				825F40611E95063000F9C35D /* GoogleService-Info.plist in Resources */,
			);
			runOnlyForDeploymentPostprocessing = 0;
		};
/* End PBXResourcesBuildPhase section */

/* Begin PBXShellScriptBuildPhase section */
		08213426F4F107421600DF70 /* [CP] Copy Pods Resources */ = {
			isa = PBXShellScriptBuildPhase;
			buildActionMask = 2147483647;
			files = (
			);
			inputPaths = (
			);
			name = "[CP] Copy Pods Resources";
			outputPaths = (
			);
			runOnlyForDeploymentPostprocessing = 0;
			shellPath = /bin/sh;
			shellScript = "\"${SRCROOT}/Pods/Target Support Files/Pods-MedicalGameUITests/Pods-MedicalGameUITests-resources.sh\"\n";
			showEnvVarsInLog = 0;
		};
		0A5AE034A205561DCE54D6CE /* [CP] Embed Pods Frameworks */ = {
			isa = PBXShellScriptBuildPhase;
			buildActionMask = 2147483647;
			files = (
			);
			inputPaths = (
			);
			name = "[CP] Embed Pods Frameworks";
			outputPaths = (
			);
			runOnlyForDeploymentPostprocessing = 0;
			shellPath = /bin/sh;
			shellScript = "\"${SRCROOT}/Pods/Target Support Files/Pods-MedicalGameTests/Pods-MedicalGameTests-frameworks.sh\"\n";
			showEnvVarsInLog = 0;
		};
		28B843ED711D2EBCB2114B78 /* [CP] Check Pods Manifest.lock */ = {
			isa = PBXShellScriptBuildPhase;
			buildActionMask = 2147483647;
			files = (
			);
			inputPaths = (
			);
			name = "[CP] Check Pods Manifest.lock";
			outputPaths = (
			);
			runOnlyForDeploymentPostprocessing = 0;
			shellPath = /bin/sh;
			shellScript = "diff \"${PODS_ROOT}/../Podfile.lock\" \"${PODS_ROOT}/Manifest.lock\" > /dev/null\nif [ $? != 0 ] ; then\n    # print error to STDERR\n    echo \"error: The sandbox is not in sync with the Podfile.lock. Run 'pod install' or update your CocoaPods installation.\" >&2\n    exit 1\nfi\n";
			showEnvVarsInLog = 0;
		};
		88136E4EDBD4B99BCFB5DF08 /* [CP] Embed Pods Frameworks */ = {
			isa = PBXShellScriptBuildPhase;
			buildActionMask = 2147483647;
			files = (
			);
			inputPaths = (
			);
			name = "[CP] Embed Pods Frameworks";
			outputPaths = (
			);
			runOnlyForDeploymentPostprocessing = 0;
			shellPath = /bin/sh;
			shellScript = "\"${SRCROOT}/Pods/Target Support Files/Pods-MedicalGame/Pods-MedicalGame-frameworks.sh\"\n";
			showEnvVarsInLog = 0;
		};
		8C8E432D14BE435CE20D2442 /* [CP] Embed Pods Frameworks */ = {
			isa = PBXShellScriptBuildPhase;
			buildActionMask = 2147483647;
			files = (
			);
			inputPaths = (
			);
			name = "[CP] Embed Pods Frameworks";
			outputPaths = (
			);
			runOnlyForDeploymentPostprocessing = 0;
			shellPath = /bin/sh;
			shellScript = "\"${SRCROOT}/Pods/Target Support Files/Pods-MedicalGameUITests/Pods-MedicalGameUITests-frameworks.sh\"\n";
			showEnvVarsInLog = 0;
		};
		9394C9A2FE3A3450277CBD7B /* [CP] Check Pods Manifest.lock */ = {
			isa = PBXShellScriptBuildPhase;
			buildActionMask = 2147483647;
			files = (
			);
			inputPaths = (
			);
			name = "[CP] Check Pods Manifest.lock";
			outputPaths = (
			);
			runOnlyForDeploymentPostprocessing = 0;
			shellPath = /bin/sh;
			shellScript = "diff \"${PODS_ROOT}/../Podfile.lock\" \"${PODS_ROOT}/Manifest.lock\" > /dev/null\nif [ $? != 0 ] ; then\n    # print error to STDERR\n    echo \"error: The sandbox is not in sync with the Podfile.lock. Run 'pod install' or update your CocoaPods installation.\" >&2\n    exit 1\nfi\n";
			showEnvVarsInLog = 0;
		};
		A384CC045CBE8A10102AF540 /* [CP] Copy Pods Resources */ = {
			isa = PBXShellScriptBuildPhase;
			buildActionMask = 2147483647;
			files = (
			);
			inputPaths = (
			);
			name = "[CP] Copy Pods Resources";
			outputPaths = (
			);
			runOnlyForDeploymentPostprocessing = 0;
			shellPath = /bin/sh;
			shellScript = "\"${SRCROOT}/Pods/Target Support Files/Pods-MedicalGame/Pods-MedicalGame-resources.sh\"\n";
			showEnvVarsInLog = 0;
		};
		DEB4433C2659664181C47437 /* [CP] Copy Pods Resources */ = {
			isa = PBXShellScriptBuildPhase;
			buildActionMask = 2147483647;
			files = (
			);
			inputPaths = (
			);
			name = "[CP] Copy Pods Resources";
			outputPaths = (
			);
			runOnlyForDeploymentPostprocessing = 0;
			shellPath = /bin/sh;
			shellScript = "\"${SRCROOT}/Pods/Target Support Files/Pods-MedicalGameTests/Pods-MedicalGameTests-resources.sh\"\n";
			showEnvVarsInLog = 0;
		};
		E482EA7E7D285F1475F0337D /* [CP] Check Pods Manifest.lock */ = {
			isa = PBXShellScriptBuildPhase;
			buildActionMask = 2147483647;
			files = (
			);
			inputPaths = (
			);
			name = "[CP] Check Pods Manifest.lock";
			outputPaths = (
			);
			runOnlyForDeploymentPostprocessing = 0;
			shellPath = /bin/sh;
			shellScript = "diff \"${PODS_ROOT}/../Podfile.lock\" \"${PODS_ROOT}/Manifest.lock\" > /dev/null\nif [ $? != 0 ] ; then\n    # print error to STDERR\n    echo \"error: The sandbox is not in sync with the Podfile.lock. Run 'pod install' or update your CocoaPods installation.\" >&2\n    exit 1\nfi\n";
			showEnvVarsInLog = 0;
		};
/* End PBXShellScriptBuildPhase section */

/* Begin PBXSourcesBuildPhase section */
		82FF43F51E94DEDD00FCB621 /* Sources */ = {
			isa = PBXSourcesBuildPhase;
			buildActionMask = 2147483647;
			files = (
				82FF43FF1E94DEDD00FCB621 /* ViewController.swift in Sources */,
				82FF43FD1E94DEDD00FCB621 /* AppDelegate.swift in Sources */,
			);
			runOnlyForDeploymentPostprocessing = 0;
		};
		82FF44091E94DEDD00FCB621 /* Sources */ = {
			isa = PBXSourcesBuildPhase;
			buildActionMask = 2147483647;
			files = (
				82FF44121E94DEDD00FCB621 /* MedicalGameTests.swift in Sources */,
			);
			runOnlyForDeploymentPostprocessing = 0;
		};
		82FF44141E94DEDD00FCB621 /* Sources */ = {
			isa = PBXSourcesBuildPhase;
			buildActionMask = 2147483647;
			files = (
				82FF441D1E94DEDD00FCB621 /* MedicalGameUITests.swift in Sources */,
			);
			runOnlyForDeploymentPostprocessing = 0;
		};
/* End PBXSourcesBuildPhase section */

/* Begin PBXTargetDependency section */
		82FF440F1E94DEDD00FCB621 /* PBXTargetDependency */ = {
			isa = PBXTargetDependency;
			target = 82FF43F81E94DEDD00FCB621 /* MedicalGame */;
			targetProxy = 82FF440E1E94DEDD00FCB621 /* PBXContainerItemProxy */;
		};
		82FF441A1E94DEDD00FCB621 /* PBXTargetDependency */ = {
			isa = PBXTargetDependency;
			target = 82FF43F81E94DEDD00FCB621 /* MedicalGame */;
			targetProxy = 82FF44191E94DEDD00FCB621 /* PBXContainerItemProxy */;
		};
/* End PBXTargetDependency section */

/* Begin PBXVariantGroup section */
		82FF44001E94DEDD00FCB621 /* Main.storyboard */ = {
			isa = PBXVariantGroup;
			children = (
				82FF44011E94DEDD00FCB621 /* Base */,
			);
			name = Main.storyboard;
			sourceTree = "<group>";
		};
		82FF44051E94DEDD00FCB621 /* LaunchScreen.storyboard */ = {
			isa = PBXVariantGroup;
			children = (
				82FF44061E94DEDD00FCB621 /* Base */,
			);
			name = LaunchScreen.storyboard;
			sourceTree = "<group>";
		};
/* End PBXVariantGroup section */

/* Begin XCBuildConfiguration section */
		82FF441F1E94DEDD00FCB621 /* Debug */ = {
			isa = XCBuildConfiguration;
			buildSettings = {
				ALWAYS_SEARCH_USER_PATHS = NO;
				CLANG_ANALYZER_NONNULL = YES;
				CLANG_CXX_LANGUAGE_STANDARD = "gnu++0x";
				CLANG_CXX_LIBRARY = "libc++";
				CLANG_ENABLE_MODULES = YES;
				CLANG_ENABLE_OBJC_ARC = YES;
				CLANG_WARN_BOOL_CONVERSION = YES;
				CLANG_WARN_CONSTANT_CONVERSION = YES;
				CLANG_WARN_DIRECT_OBJC_ISA_USAGE = YES_ERROR;
				CLANG_WARN_DOCUMENTATION_COMMENTS = YES;
				CLANG_WARN_EMPTY_BODY = YES;
				CLANG_WARN_ENUM_CONVERSION = YES;
				CLANG_WARN_INFINITE_RECURSION = YES;
				CLANG_WARN_INT_CONVERSION = YES;
				CLANG_WARN_OBJC_ROOT_CLASS = YES_ERROR;
				CLANG_WARN_SUSPICIOUS_MOVE = YES;
				CLANG_WARN_UNREACHABLE_CODE = YES;
				CLANG_WARN__DUPLICATE_METHOD_MATCH = YES;
				"CODE_SIGN_IDENTITY[sdk=iphoneos*]" = "iPhone Developer";
				COPY_PHASE_STRIP = NO;
				DEBUG_INFORMATION_FORMAT = dwarf;
				ENABLE_STRICT_OBJC_MSGSEND = YES;
				ENABLE_TESTABILITY = YES;
				GCC_C_LANGUAGE_STANDARD = gnu99;
				GCC_DYNAMIC_NO_PIC = NO;
				GCC_NO_COMMON_BLOCKS = YES;
				GCC_OPTIMIZATION_LEVEL = 0;
				GCC_PREPROCESSOR_DEFINITIONS = (
					"DEBUG=1",
					"$(inherited)",
				);
				GCC_WARN_64_TO_32_BIT_CONVERSION = YES;
				GCC_WARN_ABOUT_RETURN_TYPE = YES_ERROR;
				GCC_WARN_UNDECLARED_SELECTOR = YES;
				GCC_WARN_UNINITIALIZED_AUTOS = YES_AGGRESSIVE;
				GCC_WARN_UNUSED_FUNCTION = YES;
				GCC_WARN_UNUSED_VARIABLE = YES;
				IPHONEOS_DEPLOYMENT_TARGET = 10.2;
				MTL_ENABLE_DEBUG_INFO = YES;
				ONLY_ACTIVE_ARCH = YES;
				SDKROOT = iphoneos;
				SWIFT_ACTIVE_COMPILATION_CONDITIONS = DEBUG;
				SWIFT_OPTIMIZATION_LEVEL = "-Onone";
				TARGETED_DEVICE_FAMILY = "1,2";
			};
			name = Debug;
		};
		82FF44201E94DEDD00FCB621 /* Release */ = {
			isa = XCBuildConfiguration;
			buildSettings = {
				ALWAYS_SEARCH_USER_PATHS = NO;
				CLANG_ANALYZER_NONNULL = YES;
				CLANG_CXX_LANGUAGE_STANDARD = "gnu++0x";
				CLANG_CXX_LIBRARY = "libc++";
				CLANG_ENABLE_MODULES = YES;
				CLANG_ENABLE_OBJC_ARC = YES;
				CLANG_WARN_BOOL_CONVERSION = YES;
				CLANG_WARN_CONSTANT_CONVERSION = YES;
				CLANG_WARN_DIRECT_OBJC_ISA_USAGE = YES_ERROR;
				CLANG_WARN_DOCUMENTATION_COMMENTS = YES;
				CLANG_WARN_EMPTY_BODY = YES;
				CLANG_WARN_ENUM_CONVERSION = YES;
				CLANG_WARN_INFINITE_RECURSION = YES;
				CLANG_WARN_INT_CONVERSION = YES;
				CLANG_WARN_OBJC_ROOT_CLASS = YES_ERROR;
				CLANG_WARN_SUSPICIOUS_MOVE = YES;
				CLANG_WARN_UNREACHABLE_CODE = YES;
				CLANG_WARN__DUPLICATE_METHOD_MATCH = YES;
				"CODE_SIGN_IDENTITY[sdk=iphoneos*]" = "iPhone Developer";
				COPY_PHASE_STRIP = NO;
				DEBUG_INFORMATION_FORMAT = "dwarf-with-dsym";
				ENABLE_NS_ASSERTIONS = NO;
				ENABLE_STRICT_OBJC_MSGSEND = YES;
				GCC_C_LANGUAGE_STANDARD = gnu99;
				GCC_NO_COMMON_BLOCKS = YES;
				GCC_WARN_64_TO_32_BIT_CONVERSION = YES;
				GCC_WARN_ABOUT_RETURN_TYPE = YES_ERROR;
				GCC_WARN_UNDECLARED_SELECTOR = YES;
				GCC_WARN_UNINITIALIZED_AUTOS = YES_AGGRESSIVE;
				GCC_WARN_UNUSED_FUNCTION = YES;
				GCC_WARN_UNUSED_VARIABLE = YES;
				IPHONEOS_DEPLOYMENT_TARGET = 10.2;
				MTL_ENABLE_DEBUG_INFO = NO;
				SDKROOT = iphoneos;
				SWIFT_OPTIMIZATION_LEVEL = "-Owholemodule";
				TARGETED_DEVICE_FAMILY = "1,2";
				VALIDATE_PRODUCT = YES;
			};
			name = Release;
		};
		82FF44221E94DEDD00FCB621 /* Debug */ = {
			isa = XCBuildConfiguration;
			baseConfigurationReference = 0F80582692F8C54A5480F1FE /* Pods-MedicalGame.debug.xcconfig */;
			buildSettings = {
				ASSETCATALOG_COMPILER_APPICON_NAME = AppIcon;
				DEVELOPMENT_TEAM = 26ZRBL9286;
				INFOPLIST_FILE = MedicalGame/Info.plist;
				LD_RUNPATH_SEARCH_PATHS = "$(inherited) @executable_path/Frameworks";
				PRODUCT_BUNDLE_IDENTIFIER = "com.mattias-tengzelius.MedicalGame";
				PRODUCT_NAME = "$(TARGET_NAME)";
				SWIFT_VERSION = 3.0;
			};
			name = Debug;
		};
		82FF44231E94DEDD00FCB621 /* Release */ = {
			isa = XCBuildConfiguration;
			baseConfigurationReference = 119BC4735B023778F64E1F1A /* Pods-MedicalGame.release.xcconfig */;
			buildSettings = {
				ASSETCATALOG_COMPILER_APPICON_NAME = AppIcon;
				DEVELOPMENT_TEAM = 26ZRBL9286;
				INFOPLIST_FILE = MedicalGame/Info.plist;
				LD_RUNPATH_SEARCH_PATHS = "$(inherited) @executable_path/Frameworks";
				PRODUCT_BUNDLE_IDENTIFIER = "com.mattias-tengzelius.MedicalGame";
				PRODUCT_NAME = "$(TARGET_NAME)";
				SWIFT_VERSION = 3.0;
			};
			name = Release;
		};
		82FF44251E94DEDD00FCB621 /* Debug */ = {
			isa = XCBuildConfiguration;
			baseConfigurationReference = E76D587FDF93907EECFB37C8 /* Pods-MedicalGameTests.debug.xcconfig */;
			buildSettings = {
				ALWAYS_EMBED_SWIFT_STANDARD_LIBRARIES = YES;
				BUNDLE_LOADER = "$(TEST_HOST)";
				DEVELOPMENT_TEAM = 26ZRBL9286;
				INFOPLIST_FILE = MedicalGameTests/Info.plist;
				LD_RUNPATH_SEARCH_PATHS = "$(inherited) @executable_path/Frameworks @loader_path/Frameworks";
				PRODUCT_BUNDLE_IDENTIFIER = "com.mattias-tengzelius.MedicalGameTests";
				PRODUCT_NAME = "$(TARGET_NAME)";
				SWIFT_VERSION = 3.0;
				TEST_HOST = "$(BUILT_PRODUCTS_DIR)/MedicalGame.app/MedicalGame";
			};
			name = Debug;
		};
		82FF44261E94DEDD00FCB621 /* Release */ = {
			isa = XCBuildConfiguration;
			baseConfigurationReference = 38BA5A2512A0D8415BF7A39A /* Pods-MedicalGameTests.release.xcconfig */;
			buildSettings = {
				ALWAYS_EMBED_SWIFT_STANDARD_LIBRARIES = YES;
				BUNDLE_LOADER = "$(TEST_HOST)";
				DEVELOPMENT_TEAM = 26ZRBL9286;
				INFOPLIST_FILE = MedicalGameTests/Info.plist;
				LD_RUNPATH_SEARCH_PATHS = "$(inherited) @executable_path/Frameworks @loader_path/Frameworks";
				PRODUCT_BUNDLE_IDENTIFIER = "com.mattias-tengzelius.MedicalGameTests";
				PRODUCT_NAME = "$(TARGET_NAME)";
				SWIFT_VERSION = 3.0;
				TEST_HOST = "$(BUILT_PRODUCTS_DIR)/MedicalGame.app/MedicalGame";
			};
			name = Release;
		};
		82FF44281E94DEDD00FCB621 /* Debug */ = {
			isa = XCBuildConfiguration;
			baseConfigurationReference = D4D6B45DC2E81BD58BC4A396 /* Pods-MedicalGameUITests.debug.xcconfig */;
			buildSettings = {
				ALWAYS_EMBED_SWIFT_STANDARD_LIBRARIES = YES;
				DEVELOPMENT_TEAM = 26ZRBL9286;
				INFOPLIST_FILE = MedicalGameUITests/Info.plist;
				LD_RUNPATH_SEARCH_PATHS = "$(inherited) @executable_path/Frameworks @loader_path/Frameworks";
				PRODUCT_BUNDLE_IDENTIFIER = "com.mattias-tengzelius.MedicalGameUITests";
				PRODUCT_NAME = "$(TARGET_NAME)";
				SWIFT_VERSION = 3.0;
				TEST_TARGET_NAME = MedicalGame;
			};
			name = Debug;
		};
		82FF44291E94DEDD00FCB621 /* Release */ = {
			isa = XCBuildConfiguration;
			baseConfigurationReference = 9A031E9A880C14BA2D8619D0 /* Pods-MedicalGameUITests.release.xcconfig */;
			buildSettings = {
				ALWAYS_EMBED_SWIFT_STANDARD_LIBRARIES = YES;
				DEVELOPMENT_TEAM = 26ZRBL9286;
				INFOPLIST_FILE = MedicalGameUITests/Info.plist;
				LD_RUNPATH_SEARCH_PATHS = "$(inherited) @executable_path/Frameworks @loader_path/Frameworks";
				PRODUCT_BUNDLE_IDENTIFIER = "com.mattias-tengzelius.MedicalGameUITests";
				PRODUCT_NAME = "$(TARGET_NAME)";
				SWIFT_VERSION = 3.0;
				TEST_TARGET_NAME = MedicalGame;
			};
			name = Release;
		};
/* End XCBuildConfiguration section */

/* Begin XCConfigurationList section */
		82FF43F41E94DEDD00FCB621 /* Build configuration list for PBXProject "MedicalGame" */ = {
			isa = XCConfigurationList;
			buildConfigurations = (
				82FF441F1E94DEDD00FCB621 /* Debug */,
				82FF44201E94DEDD00FCB621 /* Release */,
			);
			defaultConfigurationIsVisible = 0;
			defaultConfigurationName = Release;
		};
		82FF44211E94DEDD00FCB621 /* Build configuration list for PBXNativeTarget "MedicalGame" */ = {
			isa = XCConfigurationList;
			buildConfigurations = (
				82FF44221E94DEDD00FCB621 /* Debug */,
				82FF44231E94DEDD00FCB621 /* Release */,
			);
			defaultConfigurationIsVisible = 0;
			defaultConfigurationName = Release;
		};
		82FF44241E94DEDD00FCB621 /* Build configuration list for PBXNativeTarget "MedicalGameTests" */ = {
			isa = XCConfigurationList;
			buildConfigurations = (
				82FF44251E94DEDD00FCB621 /* Debug */,
				82FF44261E94DEDD00FCB621 /* Release */,
			);
			defaultConfigurationIsVisible = 0;
			defaultConfigurationName = Release;
		};
		82FF44271E94DEDD00FCB621 /* Build configuration list for PBXNativeTarget "MedicalGameUITests" */ = {
			isa = XCConfigurationList;
			buildConfigurations = (
				82FF44281E94DEDD00FCB621 /* Debug */,
				82FF44291E94DEDD00FCB621 /* Release */,
			);
			defaultConfigurationIsVisible = 0;
			defaultConfigurationName = Release;
		};
/* End XCConfigurationList section */
	};
	rootObject = 82FF43F11E94DEDD00FCB621 /* Project object */;
}
